
Microsoft Visual Studio Solution File, Format Version 12.00
# Visual Studio 2013
VisualStudioVersion = 12.0.31101.0
MinimumVisualStudioVersion = 10.0.40219.1
Project("{FAE04EC0-301F-11D3-BF4B-00C04F79EFBC}") = "PictureAPI_v2", "PictureAPI_v2\PictureAPI_v2.csproj", "{EEF23B75-8E2F-4BB3-9A28-93851DE90FAA}"
EndProject
Project("{FAE04EC0-301F-11D3-BF4B-00C04F79EFBC}") = "Picture.Model", "Picture.Model\Picture.Model.csproj", "{32BA27C3-D2DF-4F71-BB40-DAAC321497C8}"
EndProject
Project("{FAE04EC0-301F-11D3-BF4B-00C04F79EFBC}") = "CAClient", "CAClient\CAClient.csproj", "{2CE2531B-311C-4A3B-8B54-5BFD0C8C2EDB}"
EndProject
Project("{00D1A9C2-B5F0-4AF3-8072-F6C62B433612}") = "AxerrioOnline", "AxerrioOnline\AxerrioOnline.sqlproj", "{137C1F22-4B8F-4AC2-B111-9E5021B09F0A}"
EndProject
Project("{2150E333-8FDC-42A3-9474-1A3956D46DE8}") = "Framework", "Framework", "{442BDB0D-F3BF-42D0-9E3A-3343F127B5A8}"
EndProject
Project("{FAE04EC0-301F-11D3-BF4B-00C04F79EFBC}") = "Axerrio.Data", "Axerrio.Data\Axerrio.Data.csproj", "{17A0D80B-333E-42BA-B14F-96782226C1F5}"
EndProject
Project("{FAE04EC0-301F-11D3-BF4B-00C04F79EFBC}") = "Axerrio.Data.EntityFramework", "Axerrio.Data.EntityFramework\Axerrio.Data.EntityFramework.csproj", "{FB98515C-7577-4998-B71E-73D2337EB91E}"
EndProject
Project("{00D1A9C2-B5F0-4AF3-8072-F6C62B433612}") = "nrtest_aol", "..\..\..\Documents\Visual Studio 2013\Projects\nrtest_aol\nrtest_aol.sqlproj", "{1C8F83EB-C79A-4A31-88D9-3C43D6FABCE1}"
EndProject
Global
	GlobalSection(SolutionConfigurationPlatforms) = preSolution
		Debug|Any CPU = Debug|Any CPU
		Release|Any CPU = Release|Any CPU
	EndGlobalSection
	GlobalSection(ProjectConfigurationPlatforms) = postSolution
		{EEF23B75-8E2F-4BB3-9A28-93851DE90FAA}.Debug|Any CPU.ActiveCfg = Debug|Any CPU
		{EEF23B75-8E2F-4BB3-9A28-93851DE90FAA}.Debug|Any CPU.Build.0 = Debug|Any CPU
		{EEF23B75-8E2F-4BB3-9A28-93851DE90FAA}.Release|Any CPU.ActiveCfg = Release|Any CPU
		{EEF23B75-8E2F-4BB3-9A28-93851DE90FAA}.Release|Any CPU.Build.0 = Release|Any CPU
		{32BA27C3-D2DF-4F71-BB40-DAAC321497C8}.Debug|Any CPU.ActiveCfg = Debug|Any CPU
		{32BA27C3-D2DF-4F71-BB40-DAAC321497C8}.Debug|Any CPU.Build.0 = Debug|Any CPU
		{32BA27C3-D2DF-4F71-BB40-DAAC321497C8}.Release|Any CPU.ActiveCfg = Release|Any CPU
		{32BA27C3-D2DF-4F71-BB40-DAAC321497C8}.Release|Any CPU.Build.0 = Release|Any CPU
		{2CE2531B-311C-4A3B-8B54-5BFD0C8C2EDB}.Debug|Any CPU.ActiveCfg = Debug|Any CPU
		{2CE2531B-311C-4A3B-8B54-5BFD0C8C2EDB}.Debug|Any CPU.Build.0 = Debug|Any CPU
		{2CE2531B-311C-4A3B-8B54-5BFD0C8C2EDB}.Release|Any CPU.ActiveCfg = Release|Any CPU
		{2CE2531B-311C-4A3B-8B54-5BFD0C8C2EDB}.Release|Any CPU.Build.0 = Release|Any CPU
		{137C1F22-4B8F-4AC2-B111-9E5021B09F0A}.Debug|Any CPU.ActiveCfg = Debug|Any CPU
		{137C1F22-4B8F-4AC2-B111-9E5021B09F0A}.Debug|Any CPU.Build.0 = Debug|Any CPU
		{137C1F22-4B8F-4AC2-B111-9E5021B09F0A}.Debug|Any CPU.Deploy.0 = Debug|Any CPU
		{137C1F22-4B8F-4AC2-B111-9E5021B09F0A}.Release|Any CPU.ActiveCfg = Release|Any CPU
		{137C1F22-4B8F-4AC2-B111-9E5021B09F0A}.Release|Any CPU.Build.0 = Release|Any CPU
		{137C1F22-4B8F-4AC2-B111-9E5021B09F0A}.Release|Any CPU.Deploy.0 = Release|Any CPU
		{17A0D80B-333E-42BA-B14F-96782226C1F5}.Debug|Any CPU.ActiveCfg = Debug|Any CPU
		{17A0D80B-333E-42BA-B14F-96782226C1F5}.Debug|Any CPU.Build.0 = Debug|Any CPU
		{17A0D80B-333E-42BA-B14F-96782226C1F5}.Release|Any CPU.ActiveCfg = Release|Any CPU
		{17A0D80B-333E-42BA-B14F-96782226C1F5}.Release|Any CPU.Build.0 = Release|Any CPU
		{FB98515C-7577-4998-B71E-73D2337EB91E}.Debug|Any CPU.ActiveCfg = Debug|Any CPU
		{FB98515C-7577-4998-B71E-73D2337EB91E}.Debug|Any CPU.Build.0 = Debug|Any CPU
		{FB98515C-7577-4998-B71E-73D2337EB91E}.Release|Any CPU.ActiveCfg = Release|Any CPU
		{FB98515C-7577-4998-B71E-73D2337EB91E}.Release|Any CPU.Build.0 = Release|Any CPU
		{1C8F83EB-C79A-4A31-88D9-3C43D6FABCE1}.Debug|Any CPU.ActiveCfg = Debug|Any CPU
		{1C8F83EB-C79A-4A31-88D9-3C43D6FABCE1}.Debug|Any CPU.Build.0 = Debug|Any CPU
		{1C8F83EB-C79A-4A31-88D9-3C43D6FABCE1}.Debug|Any CPU.Deploy.0 = Debug|Any CPU
		{1C8F83EB-C79A-4A31-88D9-3C43D6FABCE1}.Release|Any CPU.ActiveCfg = Release|Any CPU
		{1C8F83EB-C79A-4A31-88D9-3C43D6FABCE1}.Release|Any CPU.Build.0 = Release|Any CPU
		{1C8F83EB-C79A-4A31-88D9-3C43D6FABCE1}.Release|Any CPU.Deploy.0 = Release|Any CPU
	EndGlobalSection
	GlobalSection(SolutionProperties) = preSolution
		HideSolutionNode = FALSE
	EndGlobalSection
	GlobalSection(NestedProjects) = preSolution
		{17A0D80B-333E-42BA-B14F-96782226C1F5} = {442BDB0D-F3BF-42D0-9E3A-3343F127B5A8}
		{FB98515C-7577-4998-B71E-73D2337EB91E} = {442BDB0D-F3BF-42D0-9E3A-3343F127B5A8}
	EndGlobalSection
EndGlobal
